
Microsoft Visual Studio Solution File, Format Version 12.00
# Visual Studio Version 17
VisualStudioVersion = 17.5.002.0
MinimumVisualStudioVersion = 10.0.40219.1
Project("{9A19103F-16F7-4668-BE54-9A1E7A4F7556}") = "Legends.App", "./src/cs/Legends.App/Legends.App.csproj", "{DE5B3EF9-2A20-4CF3-994C-B86D57D7705F}"
EndProject
Global
	GlobalSection(SolutionConfigurationPlatforms) = preSolution
		Debug|Any CPU = Debug|Any CPU
		Release|Any CPU = Release|Any CPU
	EndGlobalSection
	GlobalSection(ProjectConfigurationPlatforms) = postSolution
		{DE5B3EF9-2A20-4CF3-994C-B86D57D7705F}.Debug|Any CPU.ActiveCfg = Debug|Any CPU
		{DE5B3EF9-2A20-4CF3-994C-B86D57D7705F}.Debug|Any CPU.Build.0 = Debug|Any CPU
		{DE5B3EF9-2A20-4CF3-994C-B86D57D7705F}.Release|Any CPU.ActiveCfg = Release|Any CPU
		{DE5B3EF9-2A20-4CF3-994C-B86D57D7705F}.Release|Any CPU.Build.0 = Release|Any CPU
	EndGlobalSection
	GlobalSection(SolutionProperties) = preSolution
		HideSolutionNode = FALSE
	EndGlobalSection
	GlobalSection(ExtensibilityGlobals) = postSolution
		SolutionGuid = {DED6EF51-4527-401B-B8CD-8372B105A7E5}
	EndGlobalSection
EndGlobal
